
Microsoft Visual Studio Solution File, Format Version 12.00
# Visual Studio 15
VisualStudioVersion = 15.0.26124.0
MinimumVisualStudioVersion = 15.0.26124.0
Project("{2150E333-8FDC-42A3-9474-1A3956D46DE8}") = "src", "src", "{BA91EFC9-4272-43D0-B5FD-6F3F06FBF101}"
EndProject
Project("{FAE04EC0-301F-11D3-BF4B-00C04F79EFBC}") = "Calc.Core", "src\Calc.Core\Calc.Core.csproj", "{AE2A48FC-2E41-41ED-BCDD-A6C372D2E500}"
EndProject
Project("{2150E333-8FDC-42A3-9474-1A3956D46DE8}") = "tests", "tests", "{46AAF588-C889-4C0F-BBEF-5D3A34190325}"
EndProject
Project("{FAE04EC0-301F-11D3-BF4B-00C04F79EFBC}") = "Calc.Core.Tests.Unit", "tests\Calc.Core.Tests.Unit\Calc.Core.Tests.Unit.csproj", "{B964638D-868B-427A-9BD3-D1F124EEE50D}"
EndProject
Global
	GlobalSection(SolutionConfigurationPlatforms) = preSolution
		Debug|Any CPU = Debug|Any CPU
		Debug|x64 = Debug|x64
		Debug|x86 = Debug|x86
		Release|Any CPU = Release|Any CPU
		Release|x64 = Release|x64
		Release|x86 = Release|x86
	EndGlobalSection
	GlobalSection(SolutionProperties) = preSolution
		HideSolutionNode = FALSE
	EndGlobalSection
	GlobalSection(ProjectConfigurationPlatforms) = postSolution
		{AE2A48FC-2E41-41ED-BCDD-A6C372D2E500}.Debug|Any CPU.ActiveCfg = Debug|Any CPU
		{AE2A48FC-2E41-41ED-BCDD-A6C372D2E500}.Debug|Any CPU.Build.0 = Debug|Any CPU
		{AE2A48FC-2E41-41ED-BCDD-A6C372D2E500}.Debug|x64.ActiveCfg = Debug|Any CPU
		{AE2A48FC-2E41-41ED-BCDD-A6C372D2E500}.Debug|x64.Build.0 = Debug|Any CPU
		{AE2A48FC-2E41-41ED-BCDD-A6C372D2E500}.Debug|x86.ActiveCfg = Debug|Any CPU
		{AE2A48FC-2E41-41ED-BCDD-A6C372D2E500}.Debug|x86.Build.0 = Debug|Any CPU
		{AE2A48FC-2E41-41ED-BCDD-A6C372D2E500}.Release|Any CPU.ActiveCfg = Release|Any CPU
		{AE2A48FC-2E41-41ED-BCDD-A6C372D2E500}.Release|Any CPU.Build.0 = Release|Any CPU
		{AE2A48FC-2E41-41ED-BCDD-A6C372D2E500}.Release|x64.ActiveCfg = Release|Any CPU
		{AE2A48FC-2E41-41ED-BCDD-A6C372D2E500}.Release|x64.Build.0 = Release|Any CPU
		{AE2A48FC-2E41-41ED-BCDD-A6C372D2E500}.Release|x86.ActiveCfg = Release|Any CPU
		{AE2A48FC-2E41-41ED-BCDD-A6C372D2E500}.Release|x86.Build.0 = Release|Any CPU
		{B964638D-868B-427A-9BD3-D1F124EEE50D}.Debug|Any CPU.ActiveCfg = Debug|Any CPU
		{B964638D-868B-427A-9BD3-D1F124EEE50D}.Debug|Any CPU.Build.0 = Debug|Any CPU
		{B964638D-868B-427A-9BD3-D1F124EEE50D}.Debug|x64.ActiveCfg = Debug|Any CPU
		{B964638D-868B-427A-9BD3-D1F124EEE50D}.Debug|x64.Build.0 = Debug|Any CPU
		{B964638D-868B-427A-9BD3-D1F124EEE50D}.Debug|x86.ActiveCfg = Debug|Any CPU
		{B964638D-868B-427A-9BD3-D1F124EEE50D}.Debug|x86.Build.0 = Debug|Any CPU
		{B964638D-868B-427A-9BD3-D1F124EEE50D}.Release|Any CPU.ActiveCfg = Release|Any CPU
		{B964638D-868B-427A-9BD3-D1F124EEE50D}.Release|Any CPU.Build.0 = Release|Any CPU
		{B964638D-868B-427A-9BD3-D1F124EEE50D}.Release|x64.ActiveCfg = Release|Any CPU
		{B964638D-868B-427A-9BD3-D1F124EEE50D}.Release|x64.Build.0 = Release|Any CPU
		{B964638D-868B-427A-9BD3-D1F124EEE50D}.Release|x86.ActiveCfg = Release|Any CPU
		{B964638D-868B-427A-9BD3-D1F124EEE50D}.Release|x86.Build.0 = Release|Any CPU
	EndGlobalSection
	GlobalSection(NestedProjects) = preSolution
		{AE2A48FC-2E41-41ED-BCDD-A6C372D2E500} = {BA91EFC9-4272-43D0-B5FD-6F3F06FBF101}
		{B964638D-868B-427A-9BD3-D1F124EEE50D} = {46AAF588-C889-4C0F-BBEF-5D3A34190325}
	EndGlobalSection
EndGlobal
